{
  "name": "API",
  "version": "1.0.0",
  "lockfileVersion": 2,
  "requires": true,
  "packages": {
    "": {
      "name": "API",
      "version": "1.0.0",
      "dependencies": {
        "just-clone": "^3.2.1"
      }
    },
    "node_modules/just-clone": {
      "version": "3.2.1",
      "resolved": "https://registry.npmjs.org/just-clone/-/just-clone-3.2.1.tgz",
      "integrity": "sha512-PFotEVrrzAnwuWTUOFquDShWrHnUnhxNrVs1VFqkNfnoH3Sn5XUlDOePYn2Vv5cN8xV2y69jf8qEoQHm7eoLnw=="
    }
  },
  "dependencies": {
    "just-clone": {
      "version": "3.2.1",
      "resolved": "https://registry.npmjs.org/just-clone/-/just-clone-3.2.1.tgz",
      "integrity": "sha512-PFotEVrrzAnwuWTUOFquDShWrHnUnhxNrVs1VFqkNfnoH3Sn5XUlDOePYn2Vv5cN8xV2y69jf8qEoQHm7eoLnw=="
    }
  }
}
